<?xml version="1.0" encoding="utf-8"?>
<Project ToolsVersion="4.0" xmlns="http://schemas.microsoft.com/developer/msbuild/2003">
  <ItemGroup>
    <Filter Include="Source Files">
      <UniqueIdentifier>{4FC737F1-C7A5-4376-A066-2A32D752A2FF}</UniqueIdentifier>
      <Extensions>cpp;c;cc;cxx;def;odl;idl;hpj;bat;asm;asmx</Extensions>
    </Filter>
    <Filter Include="Header Files">
      <UniqueIdentifier>{93995380-89BD-4b04-88EB-625FBE52EBFB}</UniqueIdentifier>
      <Extensions>h;hh;hpp;hxx;hm;inl;inc;xsd</Extensions>
    </Filter>
    <Filter Include="Resource Files">
      <UniqueIdentifier>{67DA6AB6-F800-4c08-8B7A-83BB121AAD01}</UniqueIdentifier>
      <Extensions>rc;ico;cur;bmp;dlg;rc2;rct;bin;rgs;gif;jpg;jpeg;jpe;resx;tiff;tif;png;wav;mfcribbon-ms</Extensions>
    </Filter>
    <Filter Include="Source Files\framework">
      <UniqueIdentifier>{fb2b78ba-5da1-4115-b650-4bd61d367f0b}</UniqueIdentifier>
    </Filter>
    <Filter Include="Source Files\scenes">
      <UniqueIdentifier>{0660d550-f49c-4358-8870-c3a8a7d3f816}</UniqueIdentifier>
    </Filter>
    <Filter Include="Header Files\framework">
      <UniqueIdentifier>{268caef9-1ca7-465a-922d-a3c9646e7de0}</UniqueIdentifier>
    </Filter>
    <Filter Include="Header Files\scenes">
      <UniqueIdentifier>{f5b91644-2eb3-4be8-a22b-5078c43caf90}</UniqueIdentifier>
    </Filter>
    <Filter Include="Header Files\gameobjects">
      <UniqueIdentifier>{83382627-eee1-4b1b-a72e-f1bc27e39648}</UniqueIdentifier>
    </Filter>
    <Filter Include="Source Files\gameobjects">
      <UniqueIdentifier>{994f30e4-b050-4686-9872-d7772713680f}</UniqueIdentifier>
    </Filter>
  </ItemGroup>
  <ItemGroup>
    <ClCompile Include="src\Main.cpp">
      <Filter>Source Files</Filter>
    </ClCompile>
    <ClCompile Include="src\framework\AudioFile.cpp">
      <Filter>Source Files\framework</Filter>
    </ClCompile>
    <ClCompile Include="src\framework\Debug.cpp">
      <Filter>Source Files\framework</Filter>
    </ClCompile>
    <ClCompile Include="src\framework\GameSceneManager.cpp">
      <Filter>Source Files\framework</Filter>
    </ClCompile>
    <ClCompile Include="src\framework\Music.cpp">
      <Filter>Source Files\framework</Filter>
    </ClCompile>
    <ClCompile Include="src\framework\Scene.cpp">
      <Filter>Source Files\framework</Filter>
    </ClCompile>
    <ClCompile Include="src\framework\Timer.cpp">
      <Filter>Source Files\framework</Filter>
    </ClCompile>
    <ClCompile Include="src\framework\Window.cpp">
      <Filter>Source Files\framework</Filter>
    </ClCompile>
    <ClCompile Include="src\framework\Texture.cpp">
      <Filter>Source Files\framework</Filter>
    </ClCompile>
    <ClCompile Include="src\framework\KeyboardManager.cpp">
      <Filter>Source Files\framework</Filter>
    </ClCompile>
    <ClCompile Include="src\framework\Keyboard.cpp">
      <Filter>Source Files\framework</Filter>
    </ClCompile>
    <ClCompile Include="src\framework\ContactListener.cpp">
      <Filter>Source Files\framework</Filter>
    </ClCompile>
    <ClCompile Include="src\framework\WorldManager.cpp">
      <Filter>Source Files\framework</Filter>
    </ClCompile>
    <ClCompile Include="src\gameobjects\GameObject.cpp">
      <Filter>Source Files\gameobjects</Filter>
    </ClCompile>
    <ClCompile Include="src\gameobjects\Player.cpp">
      <Filter>Source Files\gameobjects</Filter>
    </ClCompile>
    <ClCompile Include="src\gameobjects\PhysicsObject.cpp">
      <Filter>Source Files\gameobjects</Filter>
    </ClCompile>
    <ClCompile Include="src\gameobjects\Ground1024x32.cpp">
      <Filter>Source Files\gameobjects</Filter>
    </ClCompile>
    <ClCompile Include="src\gameobjects\OrthographicCamera.cpp">
      <Filter>Source Files\gameobjects</Filter>
    </ClCompile>
    <ClCompile Include="src\scenes\PlatformerScene0.cpp">
      <Filter>Source Files\scenes</Filter>
    </ClCompile>
    <ClCompile Include="src\scenes\PlatformerScene.cpp">
      <Filter>Source Files\framework</Filter>
    </ClCompile>
    <ClCompile Include="src\gameobjects\Block64x32.cpp">
      <Filter>Source Files\gameobjects</Filter>
    </ClCompile>
    <ClCompile Include="src\framework\Animation.cpp">
      <Filter>Source Files\framework</Filter>
    </ClCompile>
  </ItemGroup>
  <ItemGroup>
    <ClInclude Include="src\framework\AudioFile.h">
      <Filter>Header Files\framework</Filter>
    </ClInclude>
    <ClInclude Include="src\framework\Debug.h">
      <Filter>Header Files\framework</Filter>
    </ClInclude>
    <ClInclude Include="src\framework\GameSceneManager.h">
      <Filter>Header Files\framework</Filter>
    </ClInclude>
    <ClInclude Include="src\framework\Music.h">
      <Filter>Header Files\framework</Filter>
    </ClInclude>
    <ClInclude Include="src\framework\Scene.h">
      <Filter>Header Files\framework</Filter>
    </ClInclude>
    <ClInclude Include="src\framework\Texture.h">
      <Filter>Header Files\framework</Filter>
    </ClInclude>
    <ClInclude Include="src\framework\Timer.h">
      <Filter>Header Files\framework</Filter>
    </ClInclude>
    <ClInclude Include="src\framework\Vector.h">
      <Filter>Header Files\framework</Filter>
    </ClInclude>
    <ClInclude Include="src\framework\Window.h">
      <Filter>Header Files\framework</Filter>
    </ClInclude>
    <ClInclude Include="src\Main.h">
      <Filter>Header Files</Filter>
    </ClInclude>
    <ClInclude Include="src\framework\KeyboardManager.h">
      <Filter>Header Files\framework</Filter>
    </ClInclude>
    <ClInclude Include="src\framework\Keyboard.h">
      <Filter>Header Files\framework</Filter>
    </ClInclude>
    <ClInclude Include="src\framework\ContactListener.h">
      <Filter>Header Files\framework</Filter>
    </ClInclude>
    <ClInclude Include="src\framework\WorldManager.h">
      <Filter>Header Files\framework</Filter>
    </ClInclude>
    <ClInclude Include="src\gameobjects\GameObject.h">
      <Filter>Header Files\gameobjects</Filter>
    </ClInclude>
    <ClInclude Include="src\gameobjects\Player.h">
      <Filter>Header Files\gameobjects</Filter>
    </ClInclude>
    <ClInclude Include="src\gameobjects\PhysicsObject.h">
      <Filter>Header Files\gameobjects</Filter>
    </ClInclude>
    <ClInclude Include="src\gameobjects\Ground1024x32.h">
      <Filter>Header Files\gameobjects</Filter>
    </ClInclude>
    <ClInclude Include="src\gameobjects\OrthographicCamera.h">
      <Filter>Source Files\gameobjects</Filter>
    </ClInclude>
    <ClInclude Include="src\framework\PlatformerScene.h">
      <Filter>Header Files\framework</Filter>
    </ClInclude>
    <ClInclude Include="src\scenes\PlatformerScene0.h">
      <Filter>Header Files\scenes</Filter>
    </ClInclude>
    <ClInclude Include="src\gameobjects\Block64x32.h">
      <Filter>Header Files\gameobjects</Filter>
    </ClInclude>
    <ClInclude Include="src\framework\Animation.h">
      <Filter>Header Files\framework</Filter>
    </ClInclude>
    <ClInclude Include="src\gameobjects\Background.h">
      <Filter>Header Files\gameobjects</Filter>
    </ClInclude>
  </ItemGroup>
</Project>